
Microsoft Visual Studio Solution File, Format Version 12.00
# Visual Studio Version 17
VisualStudioVersion = 17.11.35312.102
MinimumVisualStudioVersion = 10.0.40219.1
Project("{FAE04EC0-301F-11D3-BF4B-00C04F79EFBC}") = "Mabinogi-TT", "Mabinogi-TT\Mabinogi-TT.csproj", "{582FD9BF-B54F-4DB5-9126-F5289595B1C0}"
EndProject
Global
	GlobalSection(SolutionConfigurationPlatforms) = preSolution
		Debug|Any CPU = Debug|Any CPU
		Release|Any CPU = Release|Any CPU
	EndGlobalSection
	GlobalSection(ProjectConfigurationPlatforms) = postSolution
		{582FD9BF-B54F-4DB5-9126-F5289595B1C0}.Debug|Any CPU.ActiveCfg = Debug|Any CPU
		{582FD9BF-B54F-4DB5-9126-F5289595B1C0}.Debug|Any CPU.Build.0 = Debug|Any CPU
		{582FD9BF-B54F-4DB5-9126-F5289595B1C0}.Release|Any CPU.ActiveCfg = Release|Any CPU
		{582FD9BF-B54F-4DB5-9126-F5289595B1C0}.Release|Any CPU.Build.0 = Release|Any CPU
	EndGlobalSection
	GlobalSection(SolutionProperties) = preSolution
		HideSolutionNode = FALSE
	EndGlobalSection
	GlobalSection(ExtensibilityGlobals) = postSolution
		SolutionGuid = {34D34BC2-3B8D-451D-B92C-545BD23A3CF9}
	EndGlobalSection
EndGlobal
